{
  "name": "@vdian/node-zookeeper-dubbo",
  "version": "0.0.1",
  "lockfileVersion": 1,
  "requires": true,
  "dependencies": {
    "any-promise": {
      "version": "1.3.0",
      "resolved": "http://npm.idcvdian.com/any-promise/download/any-promise-1.3.0.tgz",
      "integrity": "sha1-q8av7tzqUugJzcA3au0845Y10X8="
    },
    "assertion-error": {
      "version": "1.1.0",
      "resolved": "http://npm.idcvdian.com/assertion-error/download/assertion-error-1.1.0.tgz",
      "integrity": "sha1-5gtrDo8wG9l+U3UhW9pAbIURjAs=",
      "dev": true
    },
    "async": {
      "version": "0.2.10",
      "resolved": "http://npm.idcvdian.com/async/download/async-0.2.10.tgz",
      "integrity": "sha1-trvgsGdLnXGXCMo43owjfLUmw9E="
    },
    "byte": {
      "version": "1.4.0",
      "resolved": "http://npm.idcvdian.com/byte/download/byte-1.4.0.tgz",
      "integrity": "sha1-Z1aLMapoRhKsrQOMjdFxW5kEl1c=",
      "requires": {
        "debug": "2.6.9",
        "long": "3.2.0",
        "utility": "1.13.1"
      },
      "dependencies": {
        "debug": {
          "version": "2.6.9",
          "resolved": "http://npm.idcvdian.com/debug/download/debug-2.6.9.tgz",
          "integrity": "sha1-XRKFFd8TT/Mn6QpMk/Tgd6U2NB8=",
          "requires": {
            "ms": "2.0.0"
          }
        }
      }
    },
    "chai": {
      "version": "3.5.0",
      "resolved": "http://npm.idcvdian.com/chai/download/chai-3.5.0.tgz",
      "integrity": "sha1-TQJjewZ/6Vi9v906QOxW/vc3Mkc=",
      "dev": true,
      "requires": {
        "assertion-error": "1.1.0",
        "deep-eql": "0.1.3",
        "type-detect": "1.0.0"
      }
    },
    "copy-to": {
      "version": "2.0.1",
      "resolved": "http://npm.idcvdian.com/copy-to/download/copy-to-2.0.1.tgz",
      "integrity": "sha1-JoD7uAaKSNCGVrYJgJK9r8kG9KU="
    },
    "core-util-is": {
      "version": "1.0.2",
      "resolved": "http://npm.idcvdian.com/core-util-is/download/core-util-is-1.0.2.tgz",
      "integrity": "sha1-tf1UIgqivFq1eqtxQMlAdUUDwac="
    },
    "debug": {
      "version": "3.1.0",
      "resolved": "http://npm.idcvdian.com/debug/download/debug-3.1.0.tgz",
      "integrity": "sha1-W7WgZyYotkFJVmuhaBnmFRjGcmE=",
      "requires": {
        "ms": "2.0.0"
      }
    },
    "deep-eql": {
      "version": "0.1.3",
      "resolved": "http://npm.idcvdian.com/deep-eql/download/deep-eql-0.1.3.tgz",
      "integrity": "sha1-71WKyrjeJSBs1xOQbXTlaTDrafI=",
      "dev": true,
      "requires": {
        "type-detect": "0.1.1"
      },
      "dependencies": {
        "type-detect": {
          "version": "0.1.1",
          "resolved": "http://npm.idcvdian.com/type-detect/download/type-detect-0.1.1.tgz",
          "integrity": "sha1-C6XsKohWQORw6k6FBZcZANrFiCI=",
          "dev": true
        }
      }
    },
    "escape-html": {
      "version": "1.0.3",
      "resolved": "http://npm.idcvdian.com/escape-html/download/escape-html-1.0.3.tgz",
      "integrity": "sha1-Aljq5NPQwJdN4cFpGI7wBR0dGYg="
    },
    "hessian.js": {
      "version": "2.8.1",
      "resolved": "http://npm.idcvdian.com/hessian.js/download/hessian.js-2.8.1.tgz",
      "integrity": "sha1-Fvzr8vOruDD+czdtM4mlbg6ts8Y=",
      "requires": {
        "byte": "1.4.0",
        "debug": "3.1.0",
        "is-type-of": "1.2.0",
        "long": "3.2.0",
        "utility": "1.13.1"
      }
    },
    "is-class": {
      "version": "0.0.4",
      "resolved": "http://npm.idcvdian.com/is-class/download/is-class-0.0.4.tgz",
      "integrity": "sha1-4FdFFwW7NOOePjNZjJOpg3KWtzY="
    },
    "is-type-of": {
      "version": "1.2.0",
      "resolved": "http://npm.idcvdian.com/is-type-of/download/is-type-of-1.2.0.tgz",
      "integrity": "sha1-tVPLtGIa31tBceiIPzcOem7DiZU=",
      "requires": {
        "core-util-is": "1.0.2",
        "is-class": "0.0.4",
        "isstream": "0.1.2"
      }
    },
    "isstream": {
      "version": "0.1.2",
      "resolved": "http://npm.idcvdian.com/isstream/download/isstream-0.1.2.tgz",
      "integrity": "sha1-R+Y/evVa+m+S4VAOaQ64uFKcCZo="
    },
    "long": {
      "version": "3.2.0",
      "resolved": "http://npm.idcvdian.com/long/download/long-3.2.0.tgz",
      "integrity": "sha1-2CG3E4yhy1gcFymQ7xTbIAtcR0s="
    },
    "minimist": {
      "version": "0.0.8",
      "resolved": "http://npm.idcvdian.com/minimist/download/minimist-0.0.8.tgz",
      "integrity": "sha1-hX/Kv8M5fSYluCKCYuhqp6ARsF0="
    },
    "mkdirp": {
      "version": "0.5.1",
      "resolved": "http://npm.idcvdian.com/mkdirp/download/mkdirp-0.5.1.tgz",
      "integrity": "sha1-MAV0OOrGz3+MR2fzhkjWaX11yQM=",
      "requires": {
        "minimist": "0.0.8"
      }
    },
    "ms": {
      "version": "2.0.0",
      "resolved": "http://npm.idcvdian.com/ms/download/ms-2.0.0.tgz",
      "integrity": "sha1-VgiurfwAvmwpAd9fmGF4jeDVl8g="
    },
    "mz": {
      "version": "2.7.0",
      "resolved": "http://npm.idcvdian.com/mz/download/mz-2.7.0.tgz",
      "integrity": "sha1-lQCAV6Vsr63CvGPd5/n/aVWUjjI=",
      "requires": {
        "any-promise": "1.3.0",
        "object-assign": "4.1.1",
        "thenify-all": "1.6.0"
      }
    },
    "node-zookeeper-client": {
      "version": "0.2.2",
      "resolved": "http://npm.idcvdian.com/node-zookeeper-client/download/node-zookeeper-client-0.2.2.tgz",
      "integrity": "sha1-CXvaAZme749gLOBotjJgAGnb9oU=",
      "requires": {
        "async": "0.2.10",
        "underscore": "1.4.4"
      }
    },
    "object-assign": {
      "version": "4.1.1",
      "resolved": "http://npm.idcvdian.com/object-assign/download/object-assign-4.1.1.tgz",
      "integrity": "sha1-IQmtx5ZYh8/AXLvUQsrIv7s2CGM="
    },
    "thenify": {
      "version": "3.3.0",
      "resolved": "http://npm.idcvdian.com/thenify/download/thenify-3.3.0.tgz",
      "integrity": "sha1-5p44obq+lpsBCCB5eLn2K4hgSDk=",
      "requires": {
        "any-promise": "1.3.0"
      }
    },
    "thenify-all": {
      "version": "1.6.0",
      "resolved": "http://npm.idcvdian.com/thenify-all/download/thenify-all-1.6.0.tgz",
      "integrity": "sha1-GhkY1ALY/D+Y+/I02wvMjMEOlyY=",
      "requires": {
        "thenify": "3.3.0"
      }
    },
    "type-detect": {
      "version": "1.0.0",
      "resolved": "http://npm.idcvdian.com/type-detect/download/type-detect-1.0.0.tgz",
      "integrity": "sha1-diIXzAbbJY7EiQihKY6LlRIejqI=",
      "dev": true
    },
    "underscore": {
      "version": "1.4.4",
      "resolved": "http://npm.idcvdian.com/underscore/download/underscore-1.4.4.tgz",
      "integrity": "sha1-YaajIBBiKvoHljvzJSA88SI51gQ="
    },
    "utility": {
      "version": "1.13.1",
      "resolved": "http://npm.idcvdian.com/utility/download/utility-1.13.1.tgz",
      "integrity": "sha1-nXLhReSeTFoh8sMHsLr1dSNQI/Q=",
      "requires": {
        "copy-to": "2.0.1",
        "escape-html": "1.0.3",
        "mkdirp": "0.5.1",
        "mz": "2.7.0"
      }
    }
  }
}
